
Microsoft Visual Studio Solution File, Format Version 12.00
Project("{FAE04EC0-301F-11D3-BF4B-00C04F79EFBC}") = "Publisher1", "Publisher1\Publisher1.csproj", "{FCDC8CAC-879D-410D-9279-DB280A5C567A}"
EndProject
Global
	GlobalSection(SolutionConfigurationPlatforms) = preSolution
		Debug|Any CPU = Debug|Any CPU
		Release|Any CPU = Release|Any CPU
	EndGlobalSection
	GlobalSection(ProjectConfigurationPlatforms) = postSolution
		{FCDC8CAC-879D-410D-9279-DB280A5C567A}.Debug|Any CPU.ActiveCfg = Debug|Any CPU
		{FCDC8CAC-879D-410D-9279-DB280A5C567A}.Debug|Any CPU.Build.0 = Debug|Any CPU
		{FCDC8CAC-879D-410D-9279-DB280A5C567A}.Release|Any CPU.ActiveCfg = Release|Any CPU
		{FCDC8CAC-879D-410D-9279-DB280A5C567A}.Release|Any CPU.Build.0 = Release|Any CPU
	EndGlobalSection
EndGlobal
